
Microsoft Visual Studio Solution File, Format Version 12.00
# Visual Studio Version 17
VisualStudioVersion = 17.7.34221.43
MinimumVisualStudioVersion = 10.0.40219.1
Project("{9A19103F-16F7-4668-BE54-9A1E7A4F7556}") = "SaveChangesEventHandlers.Example", "Contacts.Api\SaveChangesEventHandlers.Example.csproj", "{C26FD7D2-678E-4FA9-81EF-0A2DCF82BE46}"
EndProject
Project("{9A19103F-16F7-4668-BE54-9A1E7A4F7556}") = "SaveChangesEventHandlers.Core", "SaveChangesEventHandlers.Core\SaveChangesEventHandlers.Core.csproj", "{9B56F83C-7BB2-47B7-BEFC-7B454436254F}"
EndProject
Project("{9A19103F-16F7-4668-BE54-9A1E7A4F7556}") = "SaveChangesEventsHandler.Test", "SaveChangesEventsHandler.Test\SaveChangesEventsHandler.Test.csproj", "{0DB998B0-28FE-4E5E-94AA-7D39744150E5}"
EndProject
Global
	GlobalSection(SolutionConfigurationPlatforms) = preSolution
		Debug|Any CPU = Debug|Any CPU
		Release|Any CPU = Release|Any CPU
	EndGlobalSection
	GlobalSection(ProjectConfigurationPlatforms) = postSolution
		{C26FD7D2-678E-4FA9-81EF-0A2DCF82BE46}.Debug|Any CPU.ActiveCfg = Debug|Any CPU
		{C26FD7D2-678E-4FA9-81EF-0A2DCF82BE46}.Debug|Any CPU.Build.0 = Debug|Any CPU
		{C26FD7D2-678E-4FA9-81EF-0A2DCF82BE46}.Release|Any CPU.ActiveCfg = Release|Any CPU
		{C26FD7D2-678E-4FA9-81EF-0A2DCF82BE46}.Release|Any CPU.Build.0 = Release|Any CPU
		{9B56F83C-7BB2-47B7-BEFC-7B454436254F}.Debug|Any CPU.ActiveCfg = Debug|Any CPU
		{9B56F83C-7BB2-47B7-BEFC-7B454436254F}.Debug|Any CPU.Build.0 = Debug|Any CPU
		{9B56F83C-7BB2-47B7-BEFC-7B454436254F}.Release|Any CPU.ActiveCfg = Release|Any CPU
		{9B56F83C-7BB2-47B7-BEFC-7B454436254F}.Release|Any CPU.Build.0 = Release|Any CPU
		{0DB998B0-28FE-4E5E-94AA-7D39744150E5}.Debug|Any CPU.ActiveCfg = Debug|Any CPU
		{0DB998B0-28FE-4E5E-94AA-7D39744150E5}.Debug|Any CPU.Build.0 = Debug|Any CPU
		{0DB998B0-28FE-4E5E-94AA-7D39744150E5}.Release|Any CPU.ActiveCfg = Release|Any CPU
		{0DB998B0-28FE-4E5E-94AA-7D39744150E5}.Release|Any CPU.Build.0 = Release|Any CPU
	EndGlobalSection
	GlobalSection(SolutionProperties) = preSolution
		HideSolutionNode = FALSE
	EndGlobalSection
	GlobalSection(ExtensibilityGlobals) = postSolution
		SolutionGuid = {E8499743-2A92-45EA-9EA8-A759A11107D7}
	EndGlobalSection
EndGlobal
